# This file is automatically @generated by Cargo.
# It is not intended for manual editing.
version = 4

[[package]]
name = "use-bound"
version = "0.0.1"

[[package]]
name = "use-check"
version = "0.0.1"

[[package]]
name = "use-constraint"
version = "0.0.1"
dependencies = [
 "use-check",
]

[[package]]
name = "use-predicate"
version = "0.0.1"

[[package]]
name = "use-range"
version = "0.0.1"
dependencies = [
 "use-bound",
]

[[package]]
name = "use-rule"
version = "0.0.1"
dependencies = [
 "use-check",
]

[[package]]
name = "use-validate"
version = "0.0.1"
dependencies = [
 "use-bound",
 "use-check",
 "use-constraint",
 "use-predicate",
 "use-range",
 "use-rule",
]
